
Microsoft Visual Studio Solution File, Format Version 11.00
# Visual Studio 2010
Project("{FAE04EC0-301F-11D3-BF4B-00C04F79EFBC}") = "VisionNET", "VisionNET.csproj", "{09DFD3D5-61BB-4868-8689-B0FD3DCBA251}"
EndProject
Project("{2150E333-8FDC-42A3-9474-1A3956D46DE8}") = ".nuget", ".nuget", "{DC9FE633-3E88-4738-B139-86F5BA5E7546}"
	ProjectSection(SolutionItems) = preProject
		.nuget\NuGet.Config = .nuget\NuGet.Config
		.nuget\NuGet.exe = .nuget\NuGet.exe
		.nuget\NuGet.targets = .nuget\NuGet.targets
	EndProjectSection
EndProject
Global
	GlobalSection(SolutionConfigurationPlatforms) = preSolution
		Debug|Any CPU = Debug|Any CPU
		Release|Any CPU = Release|Any CPU
	EndGlobalSection
	GlobalSection(ProjectConfigurationPlatforms) = postSolution
		{09DFD3D5-61BB-4868-8689-B0FD3DCBA251}.Debug|Any CPU.ActiveCfg = Debug|Any CPU
		{09DFD3D5-61BB-4868-8689-B0FD3DCBA251}.Debug|Any CPU.Build.0 = Debug|Any CPU
		{09DFD3D5-61BB-4868-8689-B0FD3DCBA251}.Release|Any CPU.ActiveCfg = Release|Any CPU
		{09DFD3D5-61BB-4868-8689-B0FD3DCBA251}.Release|Any CPU.Build.0 = Release|Any CPU
	EndGlobalSection
	GlobalSection(SolutionProperties) = preSolution
		HideSolutionNode = FALSE
	EndGlobalSection
EndGlobal
